# This file is automatically @generated by Cargo.
# It is not intended for manual editing.
version = 4

[[package]]
name = "nojson"
version = "0.3.12"
source = "registry+https://github.com/rust-lang/crates.io-index"
checksum = "e75dfcef0ca5529a58a350e6b80783c98521a70f73fb1c4f0d4b661ba892d766"

[[package]]
name = "noraft"
version = "0.6.0"
source = "git+https://github.com/sile/noraft?branch=main#8e08fa91134732b8a7d3bbf7c97818346fb3439c"

[[package]]
name = "sukari"
version = "0.0.1"
dependencies = [
 "nojson",
 "noraft",
]
