# This file is automatically @generated by Cargo.
# It is not intended for manual editing.
version = 4

[[package]]
name = "nojson"
version = "0.3.12"
source = "registry+https://github.com/rust-lang/crates.io-index"
checksum = "e75dfcef0ca5529a58a350e6b80783c98521a70f73fb1c4f0d4b661ba892d766"

[[package]]
name = "noprop"
version = "0.2.0"
source = "registry+https://github.com/rust-lang/crates.io-index"
checksum = "73026775e276cb339c67cdf71b2a8c067991fbe1cfbf25e17c7420afe6f829f7"

[[package]]
name = "noraft"
version = "0.7.1"
source = "registry+https://github.com/rust-lang/crates.io-index"
checksum = "905479cec386fe071c82a85f27968b90ff52c80227cf004fe7ec996defabb913"

[[package]]
name = "sukari"
version = "0.0.2"
dependencies = [
 "nojson",
 "noprop",
 "noraft",
]
